// !$*UTF8*$!
{
	archiveVersion = 1;
	classes = {
	};
	objectVersion = 46;
	objects = {

/* Begin PBXBuildFile section */
		A409A0881E10E1C80083A3CA /* main.m in Sources */ = {isa = PBXBuildFile; fileRef = A409A0871E10E1C80083A3CA /* main.m */; };
		A409A0941E10E1C80083A3CA /* Main.storyboard in Resources */ = {isa = PBXBuildFile; fileRef = A409A0921E10E1C80083A3CA /* Main.storyboard */; };
		A409A0991E10E1C80083A3CA /* LaunchScreen.storyboard in Resources */ = {isa = PBXBuildFile; fileRef = A409A0971E10E1C80083A3CA /* LaunchScreen.storyboard */; };
		A409A0A41E10E1C80083A3CA /* AIChatBotsTests.m in Sources */ = {isa = PBXBuildFile; fileRef = A409A0A31E10E1C80083A3CA /* AIChatBotsTests.m */; };
		A409A0AF1E10E1C90083A3CA /* AIChatBotsUITests.m in Sources */ = {isa = PBXBuildFile; fileRef = A409A0AE1E10E1C90083A3CA /* AIChatBotsUITests.m */; };
		A409A19C1E1153800083A3CA /* AllChatBotsModel.m in Sources */ = {isa = PBXBuildFile; fileRef = A409A18E1E1153800083A3CA /* AllChatBotsModel.m */; };
		A409A19D1E1153800083A3CA /* AppDelegate.m in Sources */ = {isa = PBXBuildFile; fileRef = A409A1901E1153800083A3CA /* AppDelegate.m */; };
		A409A19E1E1153800083A3CA /* Assets.xcassets in Resources */ = {isa = PBXBuildFile; fileRef = A409A1911E1153800083A3CA /* Assets.xcassets */; };
		A409A19F1E1153800083A3CA /* LaunchScreen.storyboard in Resources */ = {isa = PBXBuildFile; fileRef = A409A1931E1153800083A3CA /* LaunchScreen.storyboard */; };
		A409A1A01E1153800083A3CA /* Main.storyboard in Resources */ = {isa = PBXBuildFile; fileRef = A409A1951E1153800083A3CA /* Main.storyboard */; };
		A409A1A11E1153800083A3CA /* DetailViewController.m in Sources */ = {isa = PBXBuildFile; fileRef = A409A1981E1153800083A3CA /* DetailViewController.m */; };
		A409A1A21E1153800083A3CA /* Info.plist in Resources */ = {isa = PBXBuildFile; fileRef = A409A1991E1153800083A3CA /* Info.plist */; };
		A409A1A31E1153800083A3CA /* MasterViewController.m in Sources */ = {isa = PBXBuildFile; fileRef = A409A19B1E1153800083A3CA /* MasterViewController.m */; };
		A409A1A51E1156D40083A3CA /* chatbots.json in Resources */ = {isa = PBXBuildFile; fileRef = A409A1A41E1156D30083A3CA /* chatbots.json */; };
		A409A1A81E11580C0083A3CA /* ChatBotVoModel.m in Sources */ = {isa = PBXBuildFile; fileRef = A409A1A71E11580C0083A3CA /* ChatBotVoModel.m */; };
		A4A314D91E120480009EDA74 /* DataModel.m in Sources */ = {isa = PBXBuildFile; fileRef = A4A314D81E120480009EDA74 /* DataModel.m */; };
		A4A314DB1E1206D4009EDA74 /* iAd.framework in Frameworks */ = {isa = PBXBuildFile; fileRef = A4A314DA1E1206D4009EDA74 /* iAd.framework */; };
		A4A314ED1E120B76009EDA74 /* AutoResponder_86889.gif in Resources */ = {isa = PBXBuildFile; fileRef = A4A314DE1E120B76009EDA74 /* AutoResponder_86889.gif */; };
		A4A314EE1E120B76009EDA74 /* Azureon_23969.gif in Resources */ = {isa = PBXBuildFile; fileRef = A4A314DF1E120B76009EDA74 /* Azureon_23969.gif */; };
		A4A314EF1E120B76009EDA74 /* Desti_6.jpeg in Resources */ = {isa = PBXBuildFile; fileRef = A4A314E01E120B76009EDA74 /* Desti_6.jpeg */; };
		A4A314F01E120B76009EDA74 /* Dogh'd_722.jpeg in Resources */ = {isa = PBXBuildFile; fileRef = A4A314E11E120B76009EDA74 /* Dogh'd_722.jpeg */; };
		A4A314F11E120B76009EDA74 /* Gir_3673.gif in Resources */ = {isa = PBXBuildFile; fileRef = A4A314E21E120B76009EDA74 /* Gir_3673.gif */; };
		A4A314F21E120B76009EDA74 /* InvaderZim_3672.gif in Resources */ = {isa = PBXBuildFile; fileRef = A4A314E31E120B76009EDA74 /* InvaderZim_3672.gif */; };
		A4A314F31E120B76009EDA74 /* Kiyana.gif in Resources */ = {isa = PBXBuildFile; fileRef = A4A314E41E120B76009EDA74 /* Kiyana.gif */; };
		A4A314F41E120B76009EDA74 /* Kobal_56061.gif in Resources */ = {isa = PBXBuildFile; fileRef = A4A314E51E120B76009EDA74 /* Kobal_56061.gif */; };
		A4A314F51E120B76009EDA74 /* LaurelSweet_71367.gif in Resources */ = {isa = PBXBuildFile; fileRef = A4A314E61E120B76009EDA74 /* LaurelSweet_71367.gif */; };
		A4A314F61E120B76009EDA74 /* Liddora_754.gif in Resources */ = {isa = PBXBuildFile; fileRef = A4A314E71E120B76009EDA74 /* Liddora_754.gif */; };
		A4A314F71E120B76009EDA74 /* MidnightBlue_2.gif in Resources */ = {isa = PBXBuildFile; fileRef = A4A314E81E120B76009EDA74 /* MidnightBlue_2.gif */; };
		A4A314F81E120B76009EDA74 /* prob_23958.gif in Resources */ = {isa = PBXBuildFile; fileRef = A4A314E91E120B76009EDA74 /* prob_23958.gif */; };
		A4A314F91E120B76009EDA74 /* RockGawd_10906.gif in Resources */ = {isa = PBXBuildFile; fileRef = A4A314EA1E120B76009EDA74 /* RockGawd_10906.gif */; };
		A4A314FA1E120B76009EDA74 /* ValleyTeen_64022.gif in Resources */ = {isa = PBXBuildFile; fileRef = A4A314EB1E120B76009EDA74 /* ValleyTeen_64022.gif */; };
		A4A314FB1E120B76009EDA74 /* ZombieKing_86176.gif in Resources */ = {isa = PBXBuildFile; fileRef = A4A314EC1E120B76009EDA74 /* ZombieKing_86176.gif */; };
		A4A315001E120D62009EDA74 /* VC_Segue_AppInfo.m in Sources */ = {isa = PBXBuildFile; fileRef = A4A314FC1E120D62009EDA74 /* VC_Segue_AppInfo.m */; };
		A4A315011E120D62009EDA74 /* VC_Segue_ChatBotInfo.m in Sources */ = {isa = PBXBuildFile; fileRef = A4A314FD1E120D62009EDA74 /* VC_Segue_ChatBotInfo.m */; };
		E9E4B58B8A3B64734327C3B1 /* libPods-AIChatBots.a in Frameworks */ = {isa = PBXBuildFile; fileRef = F71192C8D008CF28C5F234B0 /* libPods-AIChatBots.a */; };
/* End PBXBuildFile section */

/* Begin PBXContainerItemProxy section */
		A409A0A01E10E1C80083A3CA /* PBXContainerItemProxy */ = {
			isa = PBXContainerItemProxy;
			containerPortal = A409A07B1E10E1C80083A3CA /* Project object */;
			proxyType = 1;
			remoteGlobalIDString = A409A0821E10E1C80083A3CA;
			remoteInfo = AIChatBots;
		};
		A409A0AB1E10E1C90083A3CA /* PBXContainerItemProxy */ = {
			isa = PBXContainerItemProxy;
			containerPortal = A409A07B1E10E1C80083A3CA /* Project object */;
			proxyType = 1;
			remoteGlobalIDString = A409A0821E10E1C80083A3CA;
			remoteInfo = AIChatBots;
		};
/* End PBXContainerItemProxy section */

/* Begin PBXFileReference section */
		4A6E1A207F8F22B66498B1C6 /* Pods-AIChatBots.debug.xcconfig */ = {isa = PBXFileReference; includeInIndex = 1; lastKnownFileType = text.xcconfig; name = "Pods-AIChatBots.debug.xcconfig"; path = "Pods/Target Support Files/Pods-AIChatBots/Pods-AIChatBots.debug.xcconfig"; sourceTree = "<group>"; };
		A409A0831E10E1C80083A3CA /* AIChatBots.app */ = {isa = PBXFileReference; explicitFileType = wrapper.application; includeInIndex = 0; path = AIChatBots.app; sourceTree = BUILT_PRODUCTS_DIR; };
		A409A0871E10E1C80083A3CA /* main.m */ = {isa = PBXFileReference; lastKnownFileType = sourcecode.c.objc; path = main.m; sourceTree = "<group>"; };
		A409A0931E10E1C80083A3CA /* Base */ = {isa = PBXFileReference; lastKnownFileType = file.storyboard; name = Base; path = Base.lproj/Main.storyboard; sourceTree = "<group>"; };
		A409A0981E10E1C80083A3CA /* Base */ = {isa = PBXFileReference; lastKnownFileType = file.storyboard; name = Base; path = Base.lproj/LaunchScreen.storyboard; sourceTree = "<group>"; };
		A409A09F1E10E1C80083A3CA /* AIChatBotsTests.xctest */ = {isa = PBXFileReference; explicitFileType = wrapper.cfbundle; includeInIndex = 0; path = AIChatBotsTests.xctest; sourceTree = BUILT_PRODUCTS_DIR; };
		A409A0A31E10E1C80083A3CA /* AIChatBotsTests.m */ = {isa = PBXFileReference; lastKnownFileType = sourcecode.c.objc; path = AIChatBotsTests.m; sourceTree = "<group>"; };
		A409A0A51E10E1C80083A3CA /* Info.plist */ = {isa = PBXFileReference; lastKnownFileType = text.plist.xml; path = Info.plist; sourceTree = "<group>"; };
		A409A0AA1E10E1C90083A3CA /* AIChatBotsUITests.xctest */ = {isa = PBXFileReference; explicitFileType = wrapper.cfbundle; includeInIndex = 0; path = AIChatBotsUITests.xctest; sourceTree = BUILT_PRODUCTS_DIR; };
		A409A0AE1E10E1C90083A3CA /* AIChatBotsUITests.m */ = {isa = PBXFileReference; lastKnownFileType = sourcecode.c.objc; path = AIChatBotsUITests.m; sourceTree = "<group>"; };
		A409A0B01E10E1C90083A3CA /* Info.plist */ = {isa = PBXFileReference; lastKnownFileType = text.plist.xml; path = Info.plist; sourceTree = "<group>"; };
		A409A18D1E1153800083A3CA /* AllChatBotsModel.h */ = {isa = PBXFileReference; fileEncoding = 4; lastKnownFileType = sourcecode.c.h; path = AllChatBotsModel.h; sourceTree = "<group>"; };
		A409A18E1E1153800083A3CA /* AllChatBotsModel.m */ = {isa = PBXFileReference; fileEncoding = 4; lastKnownFileType = sourcecode.c.objc; path = AllChatBotsModel.m; sourceTree = "<group>"; };
		A409A18F1E1153800083A3CA /* AppDelegate.h */ = {isa = PBXFileReference; fileEncoding = 4; lastKnownFileType = sourcecode.c.h; path = AppDelegate.h; sourceTree = "<group>"; };
		A409A1901E1153800083A3CA /* AppDelegate.m */ = {isa = PBXFileReference; fileEncoding = 4; lastKnownFileType = sourcecode.c.objc; path = AppDelegate.m; sourceTree = "<group>"; };
		A409A1911E1153800083A3CA /* Assets.xcassets */ = {isa = PBXFileReference; lastKnownFileType = folder.assetcatalog; path = Assets.xcassets; sourceTree = "<group>"; };
		A409A1941E1153800083A3CA /* Base */ = {isa = PBXFileReference; lastKnownFileType = file.storyboard; name = Base; path = LaunchScreen.storyboard; sourceTree = "<group>"; };
		A409A1961E1153800083A3CA /* Base */ = {isa = PBXFileReference; lastKnownFileType = file.storyboard; name = Base; path = Main.storyboard; sourceTree = "<group>"; };
		A409A1971E1153800083A3CA /* DetailViewController.h */ = {isa = PBXFileReference; fileEncoding = 4; lastKnownFileType = sourcecode.c.h; path = DetailViewController.h; sourceTree = "<group>"; };
		A409A1981E1153800083A3CA /* DetailViewController.m */ = {isa = PBXFileReference; fileEncoding = 4; lastKnownFileType = sourcecode.c.objc; path = DetailViewController.m; sourceTree = "<group>"; };
		A409A1991E1153800083A3CA /* Info.plist */ = {isa = PBXFileReference; fileEncoding = 4; lastKnownFileType = text.plist.xml; path = Info.plist; sourceTree = "<group>"; };
		A409A19A1E1153800083A3CA /* MasterViewController.h */ = {isa = PBXFileReference; fileEncoding = 4; lastKnownFileType = sourcecode.c.h; path = MasterViewController.h; sourceTree = "<group>"; };
		A409A19B1E1153800083A3CA /* MasterViewController.m */ = {isa = PBXFileReference; fileEncoding = 4; lastKnownFileType = sourcecode.c.objc; path = MasterViewController.m; sourceTree = "<group>"; };
		A409A1A41E1156D30083A3CA /* chatbots.json */ = {isa = PBXFileReference; fileEncoding = 4; lastKnownFileType = text.json; path = chatbots.json; sourceTree = "<group>"; };
		A409A1A61E11580C0083A3CA /* ChatBotVoModel.h */ = {isa = PBXFileReference; fileEncoding = 4; lastKnownFileType = sourcecode.c.h; path = ChatBotVoModel.h; sourceTree = "<group>"; };
		A409A1A71E11580C0083A3CA /* ChatBotVoModel.m */ = {isa = PBXFileReference; fileEncoding = 4; lastKnownFileType = sourcecode.c.objc; path = ChatBotVoModel.m; sourceTree = "<group>"; };
		A4A314D71E120480009EDA74 /* DataModel.h */ = {isa = PBXFileReference; fileEncoding = 4; lastKnownFileType = sourcecode.c.h; path = DataModel.h; sourceTree = "<group>"; };
		A4A314D81E120480009EDA74 /* DataModel.m */ = {isa = PBXFileReference; fileEncoding = 4; lastKnownFileType = sourcecode.c.objc; path = DataModel.m; sourceTree = "<group>"; };
		A4A314DA1E1206D4009EDA74 /* iAd.framework */ = {isa = PBXFileReference; lastKnownFileType = wrapper.framework; name = iAd.framework; path = System/Library/Frameworks/iAd.framework; sourceTree = SDKROOT; };
		A4A314DE1E120B76009EDA74 /* AutoResponder_86889.gif */ = {isa = PBXFileReference; lastKnownFileType = image.gif; name = AutoResponder_86889.gif; path = ../../ChatBotsMessager/ChatBotsMessager/AutoResponder_86889.gif; sourceTree = "<group>"; };
		A4A314DF1E120B76009EDA74 /* Azureon_23969.gif */ = {isa = PBXFileReference; lastKnownFileType = image.gif; name = Azureon_23969.gif; path = ../../ChatBotsMessager/ChatBotsMessager/Azureon_23969.gif; sourceTree = "<group>"; };
		A4A314E01E120B76009EDA74 /* Desti_6.jpeg */ = {isa = PBXFileReference; lastKnownFileType = image.jpeg; name = Desti_6.jpeg; path = ../../ChatBotsMessager/ChatBotsMessager/Desti_6.jpeg; sourceTree = "<group>"; };
		A4A314E11E120B76009EDA74 /* Dogh'd_722.jpeg */ = {isa = PBXFileReference; lastKnownFileType = image.jpeg; name = "Dogh'd_722.jpeg"; path = "../../ChatBotsMessager/ChatBotsMessager/Dogh'd_722.jpeg"; sourceTree = "<group>"; };
		A4A314E21E120B76009EDA74 /* Gir_3673.gif */ = {isa = PBXFileReference; lastKnownFileType = image.gif; name = Gir_3673.gif; path = ../../ChatBotsMessager/ChatBotsMessager/Gir_3673.gif; sourceTree = "<group>"; };
		A4A314E31E120B76009EDA74 /* InvaderZim_3672.gif */ = {isa = PBXFileReference; lastKnownFileType = image.gif; name = InvaderZim_3672.gif; path = ../../ChatBotsMessager/ChatBotsMessager/InvaderZim_3672.gif; sourceTree = "<group>"; };
		A4A314E41E120B76009EDA74 /* Kiyana.gif */ = {isa = PBXFileReference; lastKnownFileType = image.gif; name = Kiyana.gif; path = ../../ChatBotsMessager/ChatBotsMessager/Kiyana.gif; sourceTree = "<group>"; };
		A4A314E51E120B76009EDA74 /* Kobal_56061.gif */ = {isa = PBXFileReference; lastKnownFileType = image.gif; name = Kobal_56061.gif; path = ../../ChatBotsMessager/ChatBotsMessager/Kobal_56061.gif; sourceTree = "<group>"; };
		A4A314E61E120B76009EDA74 /* LaurelSweet_71367.gif */ = {isa = PBXFileReference; lastKnownFileType = image.gif; name = LaurelSweet_71367.gif; path = ../../ChatBotsMessager/ChatBotsMessager/LaurelSweet_71367.gif; sourceTree = "<group>"; };
		A4A314E71E120B76009EDA74 /* Liddora_754.gif */ = {isa = PBXFileReference; lastKnownFileType = image.gif; name = Liddora_754.gif; path = ../../ChatBotsMessager/ChatBotsMessager/Liddora_754.gif; sourceTree = "<group>"; };
		A4A314E81E120B76009EDA74 /* MidnightBlue_2.gif */ = {isa = PBXFileReference; lastKnownFileType = image.gif; name = MidnightBlue_2.gif; path = ../../ChatBotsMessager/ChatBotsMessager/MidnightBlue_2.gif; sourceTree = "<group>"; };
		A4A314E91E120B76009EDA74 /* prob_23958.gif */ = {isa = PBXFileReference; lastKnownFileType = image.gif; name = prob_23958.gif; path = ../../ChatBotsMessager/ChatBotsMessager/prob_23958.gif; sourceTree = "<group>"; };
		A4A314EA1E120B76009EDA74 /* RockGawd_10906.gif */ = {isa = PBXFileReference; lastKnownFileType = image.gif; name = RockGawd_10906.gif; path = ../../ChatBotsMessager/ChatBotsMessager/RockGawd_10906.gif; sourceTree = "<group>"; };
		A4A314EB1E120B76009EDA74 /* ValleyTeen_64022.gif */ = {isa = PBXFileReference; lastKnownFileType = image.gif; name = ValleyTeen_64022.gif; path = ../../ChatBotsMessager/ChatBotsMessager/ValleyTeen_64022.gif; sourceTree = "<group>"; };
		A4A314EC1E120B76009EDA74 /* ZombieKing_86176.gif */ = {isa = PBXFileReference; lastKnownFileType = image.gif; name = ZombieKing_86176.gif; path = ../../ChatBotsMessager/ChatBotsMessager/ZombieKing_86176.gif; sourceTree = "<group>"; };
		A4A314FC1E120D62009EDA74 /* VC_Segue_AppInfo.m */ = {isa = PBXFileReference; fileEncoding = 4; lastKnownFileType = sourcecode.c.objc; path = VC_Segue_AppInfo.m; sourceTree = "<group>"; };
		A4A314FD1E120D62009EDA74 /* VC_Segue_ChatBotInfo.m */ = {isa = PBXFileReference; fileEncoding = 4; lastKnownFileType = sourcecode.c.objc; path = VC_Segue_ChatBotInfo.m; sourceTree = "<group>"; };
		A4A314FE1E120D62009EDA74 /* VC_Segue_AppInfo.h */ = {isa = PBXFileReference; fileEncoding = 4; lastKnownFileType = sourcecode.c.h; path = VC_Segue_AppInfo.h; sourceTree = "<group>"; };
		A4A314FF1E120D62009EDA74 /* VC_Segue_ChatBotInfo.h */ = {isa = PBXFileReference; fileEncoding = 4; lastKnownFileType = sourcecode.c.h; path = VC_Segue_ChatBotInfo.h; sourceTree = "<group>"; };
		E9C850EDD9FB6C9CB50B45BD /* Pods-AIChatBots.release.xcconfig */ = {isa = PBXFileReference; includeInIndex = 1; lastKnownFileType = text.xcconfig; name = "Pods-AIChatBots.release.xcconfig"; path = "Pods/Target Support Files/Pods-AIChatBots/Pods-AIChatBots.release.xcconfig"; sourceTree = "<group>"; };
		F71192C8D008CF28C5F234B0 /* libPods-AIChatBots.a */ = {isa = PBXFileReference; explicitFileType = archive.ar; includeInIndex = 0; path = "libPods-AIChatBots.a"; sourceTree = BUILT_PRODUCTS_DIR; };
/* End PBXFileReference section */

/* Begin PBXFrameworksBuildPhase section */
		A409A0801E10E1C80083A3CA /* Frameworks */ = {
			isa = PBXFrameworksBuildPhase;
			buildActionMask = 2147483647;
			files = (
				A4A314DB1E1206D4009EDA74 /* iAd.framework in Frameworks */,
				E9E4B58B8A3B64734327C3B1 /* libPods-AIChatBots.a in Frameworks */,
			);
			runOnlyForDeploymentPostprocessing = 0;
		};
		A409A09C1E10E1C80083A3CA /* Frameworks */ = {
			isa = PBXFrameworksBuildPhase;
			buildActionMask = 2147483647;
			files = (
			);
			runOnlyForDeploymentPostprocessing = 0;
		};
		A409A0A71E10E1C90083A3CA /* Frameworks */ = {
			isa = PBXFrameworksBuildPhase;
			buildActionMask = 2147483647;
			files = (
			);
			runOnlyForDeploymentPostprocessing = 0;
		};
/* End PBXFrameworksBuildPhase section */

/* Begin PBXGroup section */
		51A6D3F666FE3EB7C43DB2EE /* Pods */ = {
			isa = PBXGroup;
			children = (
				4A6E1A207F8F22B66498B1C6 /* Pods-AIChatBots.debug.xcconfig */,
				E9C850EDD9FB6C9CB50B45BD /* Pods-AIChatBots.release.xcconfig */,
			);
			name = Pods;
			sourceTree = "<group>";
		};
		A409A07A1E10E1C80083A3CA = {
			isa = PBXGroup;
			children = (
				A409A0851E10E1C80083A3CA /* AIChatBots */,
				A409A0A21E10E1C80083A3CA /* AIChatBotsTests */,
				A409A0AD1E10E1C90083A3CA /* AIChatBotsUITests */,
				A409A0841E10E1C80083A3CA /* Products */,
				51A6D3F666FE3EB7C43DB2EE /* Pods */,
				AC7BAD511C658464F307BA1A /* Frameworks */,
			);
			sourceTree = "<group>";
		};
		A409A0841E10E1C80083A3CA /* Products */ = {
			isa = PBXGroup;
			children = (
				A409A0831E10E1C80083A3CA /* AIChatBots.app */,
				A409A09F1E10E1C80083A3CA /* AIChatBotsTests.xctest */,
				A409A0AA1E10E1C90083A3CA /* AIChatBotsUITests.xctest */,
			);
			name = Products;
			sourceTree = "<group>";
		};
		A409A0851E10E1C80083A3CA /* AIChatBots */ = {
			isa = PBXGroup;
			children = (
				A4A314FC1E120D62009EDA74 /* VC_Segue_AppInfo.m */,
				A4A314FD1E120D62009EDA74 /* VC_Segue_ChatBotInfo.m */,
				A4A314FE1E120D62009EDA74 /* VC_Segue_AppInfo.h */,
				A4A314FF1E120D62009EDA74 /* VC_Segue_ChatBotInfo.h */,
				A4A314DD1E120B28009EDA74 /* avaters */,
				A4A314D71E120480009EDA74 /* DataModel.h */,
				A4A314D81E120480009EDA74 /* DataModel.m */,
				A409A1A61E11580C0083A3CA /* ChatBotVoModel.h */,
				A409A1A71E11580C0083A3CA /* ChatBotVoModel.m */,
				A409A1A41E1156D30083A3CA /* chatbots.json */,
				A409A18D1E1153800083A3CA /* AllChatBotsModel.h */,
				A409A18E1E1153800083A3CA /* AllChatBotsModel.m */,
				A409A18F1E1153800083A3CA /* AppDelegate.h */,
				A409A1901E1153800083A3CA /* AppDelegate.m */,
				A409A1911E1153800083A3CA /* Assets.xcassets */,
				A409A1921E1153800083A3CA /* Base.lproj */,
				A409A1971E1153800083A3CA /* DetailViewController.h */,
				A409A1981E1153800083A3CA /* DetailViewController.m */,
				A409A1991E1153800083A3CA /* Info.plist */,
				A409A19A1E1153800083A3CA /* MasterViewController.h */,
				A409A19B1E1153800083A3CA /* MasterViewController.m */,
				A409A0921E10E1C80083A3CA /* Main.storyboard */,
				A409A0971E10E1C80083A3CA /* LaunchScreen.storyboard */,
				A409A0861E10E1C80083A3CA /* Supporting Files */,
			);
			path = AIChatBots;
			sourceTree = "<group>";
		};
		A409A0861E10E1C80083A3CA /* Supporting Files */ = {
			isa = PBXGroup;
			children = (
				A409A0871E10E1C80083A3CA /* main.m */,
			);
			name = "Supporting Files";
			sourceTree = "<group>";
		};
		A409A0A21E10E1C80083A3CA /* AIChatBotsTests */ = {
			isa = PBXGroup;
			children = (
				A409A0A31E10E1C80083A3CA /* AIChatBotsTests.m */,
				A409A0A51E10E1C80083A3CA /* Info.plist */,
			);
			path = AIChatBotsTests;
			sourceTree = "<group>";
		};
		A409A0AD1E10E1C90083A3CA /* AIChatBotsUITests */ = {
			isa = PBXGroup;
			children = (
				A409A0AE1E10E1C90083A3CA /* AIChatBotsUITests.m */,
				A409A0B01E10E1C90083A3CA /* Info.plist */,
			);
			path = AIChatBotsUITests;
			sourceTree = "<group>";
		};
		A409A1921E1153800083A3CA /* Base.lproj */ = {
			isa = PBXGroup;
			children = (
				A409A1931E1153800083A3CA /* LaunchScreen.storyboard */,
				A409A1951E1153800083A3CA /* Main.storyboard */,
			);
			path = Base.lproj;
			sourceTree = "<group>";
		};
		A4A314DD1E120B28009EDA74 /* avaters */ = {
			isa = PBXGroup;
			children = (
				A4A314DE1E120B76009EDA74 /* AutoResponder_86889.gif */,
				A4A314DF1E120B76009EDA74 /* Azureon_23969.gif */,
				A4A314E01E120B76009EDA74 /* Desti_6.jpeg */,
				A4A314E11E120B76009EDA74 /* Dogh'd_722.jpeg */,
				A4A314E21E120B76009EDA74 /* Gir_3673.gif */,
				A4A314E31E120B76009EDA74 /* InvaderZim_3672.gif */,
				A4A314E41E120B76009EDA74 /* Kiyana.gif */,
				A4A314E51E120B76009EDA74 /* Kobal_56061.gif */,
				A4A314E61E120B76009EDA74 /* LaurelSweet_71367.gif */,
				A4A314E71E120B76009EDA74 /* Liddora_754.gif */,
				A4A314E81E120B76009EDA74 /* MidnightBlue_2.gif */,
				A4A314E91E120B76009EDA74 /* prob_23958.gif */,
				A4A314EA1E120B76009EDA74 /* RockGawd_10906.gif */,
				A4A314EB1E120B76009EDA74 /* ValleyTeen_64022.gif */,
				A4A314EC1E120B76009EDA74 /* ZombieKing_86176.gif */,
			);
			name = avaters;
			sourceTree = "<group>";
		};
		AC7BAD511C658464F307BA1A /* Frameworks */ = {
			isa = PBXGroup;
			children = (
				A4A314DA1E1206D4009EDA74 /* iAd.framework */,
				F71192C8D008CF28C5F234B0 /* libPods-AIChatBots.a */,
			);
			name = Frameworks;
			sourceTree = "<group>";
		};
/* End PBXGroup section */

/* Begin PBXNativeTarget section */
		A409A0821E10E1C80083A3CA /* AIChatBots */ = {
			isa = PBXNativeTarget;
			buildConfigurationList = A409A0B31E10E1C90083A3CA /* Build configuration list for PBXNativeTarget "AIChatBots" */;
			buildPhases = (
				09723F5C1BC668C11214165C /* [CP] Check Pods Manifest.lock */,
				A409A07F1E10E1C80083A3CA /* Sources */,
				A409A0801E10E1C80083A3CA /* Frameworks */,
				A409A0811E10E1C80083A3CA /* Resources */,
				347C4F02F24D7690919D35D7 /* [CP] Embed Pods Frameworks */,
				E90EF92ED8B0AD1C98171A34 /* [CP] Copy Pods Resources */,
			);
			buildRules = (
			);
			dependencies = (
			);
			name = AIChatBots;
			productName = AIChatBots;
			productReference = A409A0831E10E1C80083A3CA /* AIChatBots.app */;
			productType = "com.apple.product-type.application";
		};
		A409A09E1E10E1C80083A3CA /* AIChatBotsTests */ = {
			isa = PBXNativeTarget;
			buildConfigurationList = A409A0B61E10E1C90083A3CA /* Build configuration list for PBXNativeTarget "AIChatBotsTests" */;
			buildPhases = (
				A409A09B1E10E1C80083A3CA /* Sources */,
				A409A09C1E10E1C80083A3CA /* Frameworks */,
				A409A09D1E10E1C80083A3CA /* Resources */,
			);
			buildRules = (
			);
			dependencies = (
				A409A0A11E10E1C80083A3CA /* PBXTargetDependency */,
			);
			name = AIChatBotsTests;
			productName = AIChatBotsTests;
			productReference = A409A09F1E10E1C80083A3CA /* AIChatBotsTests.xctest */;
			productType = "com.apple.product-type.bundle.unit-test";
		};
		A409A0A91E10E1C90083A3CA /* AIChatBotsUITests */ = {
			isa = PBXNativeTarget;
			buildConfigurationList = A409A0B91E10E1C90083A3CA /* Build configuration list for PBXNativeTarget "AIChatBotsUITests" */;
			buildPhases = (
				A409A0A61E10E1C90083A3CA /* Sources */,
				A409A0A71E10E1C90083A3CA /* Frameworks */,
				A409A0A81E10E1C90083A3CA /* Resources */,
			);
			buildRules = (
			);
			dependencies = (
				A409A0AC1E10E1C90083A3CA /* PBXTargetDependency */,
			);
			name = AIChatBotsUITests;
			productName = AIChatBotsUITests;
			productReference = A409A0AA1E10E1C90083A3CA /* AIChatBotsUITests.xctest */;
			productType = "com.apple.product-type.bundle.ui-testing";
		};
/* End PBXNativeTarget section */

/* Begin PBXProject section */
		A409A07B1E10E1C80083A3CA /* Project object */ = {
			isa = PBXProject;
			attributes = {
				LastUpgradeCheck = 0820;
				ORGANIZATIONNAME = "___SMARTKIT.INFO___";
				TargetAttributes = {
					A409A0821E10E1C80083A3CA = {
						CreatedOnToolsVersion = 8.2.1;
						DevelopmentTeam = 63X9SGW3ZX;
						ProvisioningStyle = Automatic;
					};
					A409A09E1E10E1C80083A3CA = {
						CreatedOnToolsVersion = 8.2.1;
						ProvisioningStyle = Automatic;
						TestTargetID = A409A0821E10E1C80083A3CA;
					};
					A409A0A91E10E1C90083A3CA = {
						CreatedOnToolsVersion = 8.2.1;
						ProvisioningStyle = Automatic;
						TestTargetID = A409A0821E10E1C80083A3CA;
					};
				};
			};
			buildConfigurationList = A409A07E1E10E1C80083A3CA /* Build configuration list for PBXProject "AIChatBots" */;
			compatibilityVersion = "Xcode 3.2";
			developmentRegion = English;
			hasScannedForEncodings = 0;
			knownRegions = (
				en,
				Base,
			);
			mainGroup = A409A07A1E10E1C80083A3CA;
			productRefGroup = A409A0841E10E1C80083A3CA /* Products */;
			projectDirPath = "";
			projectRoot = "";
			targets = (
				A409A0821E10E1C80083A3CA /* AIChatBots */,
				A409A09E1E10E1C80083A3CA /* AIChatBotsTests */,
				A409A0A91E10E1C90083A3CA /* AIChatBotsUITests */,
			);
		};
/* End PBXProject section */

/* Begin PBXResourcesBuildPhase section */
		A409A0811E10E1C80083A3CA /* Resources */ = {
			isa = PBXResourcesBuildPhase;
			buildActionMask = 2147483647;
			files = (
				A4A314EF1E120B76009EDA74 /* Desti_6.jpeg in Resources */,
				A409A0991E10E1C80083A3CA /* LaunchScreen.storyboard in Resources */,
				A4A314FA1E120B76009EDA74 /* ValleyTeen_64022.gif in Resources */,
				A409A1A01E1153800083A3CA /* Main.storyboard in Resources */,
				A4A314F41E120B76009EDA74 /* Kobal_56061.gif in Resources */,
				A409A1A51E1156D40083A3CA /* chatbots.json in Resources */,
				A4A314F11E120B76009EDA74 /* Gir_3673.gif in Resources */,
				A4A314F31E120B76009EDA74 /* Kiyana.gif in Resources */,
				A4A314F61E120B76009EDA74 /* Liddora_754.gif in Resources */,
				A409A1A21E1153800083A3CA /* Info.plist in Resources */,
				A4A314F21E120B76009EDA74 /* InvaderZim_3672.gif in Resources */,
				A4A314ED1E120B76009EDA74 /* AutoResponder_86889.gif in Resources */,
				A4A314F01E120B76009EDA74 /* Dogh'd_722.jpeg in Resources */,
				A409A19F1E1153800083A3CA /* LaunchScreen.storyboard in Resources */,
				A409A19E1E1153800083A3CA /* Assets.xcassets in Resources */,
				A4A314F51E120B76009EDA74 /* LaurelSweet_71367.gif in Resources */,
				A4A314F81E120B76009EDA74 /* prob_23958.gif in Resources */,
				A4A314F71E120B76009EDA74 /* MidnightBlue_2.gif in Resources */,
				A4A314EE1E120B76009EDA74 /* Azureon_23969.gif in Resources */,
				A409A0941E10E1C80083A3CA /* Main.storyboard in Resources */,
				A4A314FB1E120B76009EDA74 /* ZombieKing_86176.gif in Resources */,
				A4A314F91E120B76009EDA74 /* RockGawd_10906.gif in Resources */,
			);
			runOnlyForDeploymentPostprocessing = 0;
		};
		A409A09D1E10E1C80083A3CA /* Resources */ = {
			isa = PBXResourcesBuildPhase;
			buildActionMask = 2147483647;
			files = (
			);
			runOnlyForDeploymentPostprocessing = 0;
		};
		A409A0A81E10E1C90083A3CA /* Resources */ = {
			isa = PBXResourcesBuildPhase;
			buildActionMask = 2147483647;
			files = (
			);
			runOnlyForDeploymentPostprocessing = 0;
		};
/* End PBXResourcesBuildPhase section */

/* Begin PBXShellScriptBuildPhase section */
		09723F5C1BC668C11214165C /* [CP] Check Pods Manifest.lock */ = {
			isa = PBXShellScriptBuildPhase;
			buildActionMask = 2147483647;
			files = (
			);
			inputPaths = (
			);
			name = "[CP] Check Pods Manifest.lock";
			outputPaths = (
			);
			runOnlyForDeploymentPostprocessing = 0;
			shellPath = /bin/sh;
			shellScript = "diff \"${PODS_ROOT}/../Podfile.lock\" \"${PODS_ROOT}/Manifest.lock\" > /dev/null\nif [ $? != 0 ] ; then\n    # print error to STDERR\n    echo \"error: The sandbox is not in sync with the Podfile.lock. Run 'pod install' or update your CocoaPods installation.\" >&2\n    exit 1\nfi\n";
			showEnvVarsInLog = 0;
		};
		347C4F02F24D7690919D35D7 /* [CP] Embed Pods Frameworks */ = {
			isa = PBXShellScriptBuildPhase;
			buildActionMask = 2147483647;
			files = (
			);
			inputPaths = (
			);
			name = "[CP] Embed Pods Frameworks";
			outputPaths = (
			);
			runOnlyForDeploymentPostprocessing = 0;
			shellPath = /bin/sh;
			shellScript = "\"${SRCROOT}/Pods/Target Support Files/Pods-AIChatBots/Pods-AIChatBots-frameworks.sh\"\n";
			showEnvVarsInLog = 0;
		};
		E90EF92ED8B0AD1C98171A34 /* [CP] Copy Pods Resources */ = {
			isa = PBXShellScriptBuildPhase;
			buildActionMask = 2147483647;
			files = (
			);
			inputPaths = (
			);
			name = "[CP] Copy Pods Resources";
			outputPaths = (
			);
			runOnlyForDeploymentPostprocessing = 0;
			shellPath = /bin/sh;
			shellScript = "\"${SRCROOT}/Pods/Target Support Files/Pods-AIChatBots/Pods-AIChatBots-resources.sh\"\n";
			showEnvVarsInLog = 0;
		};
/* End PBXShellScriptBuildPhase section */

/* Begin PBXSourcesBuildPhase section */
		A409A07F1E10E1C80083A3CA /* Sources */ = {
			isa = PBXSourcesBuildPhase;
			buildActionMask = 2147483647;
			files = (
				A409A1A81E11580C0083A3CA /* ChatBotVoModel.m in Sources */,
				A409A0881E10E1C80083A3CA /* main.m in Sources */,
				A4A315001E120D62009EDA74 /* VC_Segue_AppInfo.m in Sources */,
				A409A19C1E1153800083A3CA /* AllChatBotsModel.m in Sources */,
				A409A1A31E1153800083A3CA /* MasterViewController.m in Sources */,
				A4A314D91E120480009EDA74 /* DataModel.m in Sources */,
				A409A19D1E1153800083A3CA /* AppDelegate.m in Sources */,
				A4A315011E120D62009EDA74 /* VC_Segue_ChatBotInfo.m in Sources */,
				A409A1A11E1153800083A3CA /* DetailViewController.m in Sources */,
			);
			runOnlyForDeploymentPostprocessing = 0;
		};
		A409A09B1E10E1C80083A3CA /* Sources */ = {
			isa = PBXSourcesBuildPhase;
			buildActionMask = 2147483647;
			files = (
				A409A0A41E10E1C80083A3CA /* AIChatBotsTests.m in Sources */,
			);
			runOnlyForDeploymentPostprocessing = 0;
		};
		A409A0A61E10E1C90083A3CA /* Sources */ = {
			isa = PBXSourcesBuildPhase;
			buildActionMask = 2147483647;
			files = (
				A409A0AF1E10E1C90083A3CA /* AIChatBotsUITests.m in Sources */,
			);
			runOnlyForDeploymentPostprocessing = 0;
		};
/* End PBXSourcesBuildPhase section */

/* Begin PBXTargetDependency section */
		A409A0A11E10E1C80083A3CA /* PBXTargetDependency */ = {
			isa = PBXTargetDependency;
			target = A409A0821E10E1C80083A3CA /* AIChatBots */;
			targetProxy = A409A0A01E10E1C80083A3CA /* PBXContainerItemProxy */;
		};
		A409A0AC1E10E1C90083A3CA /* PBXTargetDependency */ = {
			isa = PBXTargetDependency;
			target = A409A0821E10E1C80083A3CA /* AIChatBots */;
			targetProxy = A409A0AB1E10E1C90083A3CA /* PBXContainerItemProxy */;
		};
/* End PBXTargetDependency section */

/* Begin PBXVariantGroup section */
		A409A0921E10E1C80083A3CA /* Main.storyboard */ = {
			isa = PBXVariantGroup;
			children = (
				A409A0931E10E1C80083A3CA /* Base */,
			);
			name = Main.storyboard;
			sourceTree = "<group>";
		};
		A409A0971E10E1C80083A3CA /* LaunchScreen.storyboard */ = {
			isa = PBXVariantGroup;
			children = (
				A409A0981E10E1C80083A3CA /* Base */,
			);
			name = LaunchScreen.storyboard;
			sourceTree = "<group>";
		};
		A409A1931E1153800083A3CA /* LaunchScreen.storyboard */ = {
			isa = PBXVariantGroup;
			children = (
				A409A1941E1153800083A3CA /* Base */,
			);
			name = LaunchScreen.storyboard;
			sourceTree = "<group>";
		};
		A409A1951E1153800083A3CA /* Main.storyboard */ = {
			isa = PBXVariantGroup;
			children = (
				A409A1961E1153800083A3CA /* Base */,
			);
			name = Main.storyboard;
			sourceTree = "<group>";
		};
/* End PBXVariantGroup section */

/* Begin XCBuildConfiguration section */
		A409A0B11E10E1C90083A3CA /* Debug */ = {
			isa = XCBuildConfiguration;
			buildSettings = {
				ALWAYS_SEARCH_USER_PATHS = NO;
				CLANG_ANALYZER_NONNULL = YES;
				CLANG_CXX_LANGUAGE_STANDARD = "gnu++0x";
				CLANG_CXX_LIBRARY = "libc++";
				CLANG_ENABLE_MODULES = YES;
				CLANG_ENABLE_OBJC_ARC = YES;
				CLANG_WARN_BOOL_CONVERSION = YES;
				CLANG_WARN_CONSTANT_CONVERSION = YES;
				CLANG_WARN_DIRECT_OBJC_ISA_USAGE = YES_ERROR;
				CLANG_WARN_DOCUMENTATION_COMMENTS = YES;
				CLANG_WARN_EMPTY_BODY = YES;
				CLANG_WARN_ENUM_CONVERSION = YES;
				CLANG_WARN_INFINITE_RECURSION = YES;
				CLANG_WARN_INT_CONVERSION = YES;
				CLANG_WARN_OBJC_ROOT_CLASS = YES_ERROR;
				CLANG_WARN_SUSPICIOUS_MOVE = YES;
				CLANG_WARN_UNREACHABLE_CODE = YES;
				CLANG_WARN__DUPLICATE_METHOD_MATCH = YES;
				"CODE_SIGN_IDENTITY[sdk=iphoneos*]" = "iPhone Developer";
				COPY_PHASE_STRIP = NO;
				DEBUG_INFORMATION_FORMAT = dwarf;
				ENABLE_STRICT_OBJC_MSGSEND = YES;
				ENABLE_TESTABILITY = YES;
				GCC_C_LANGUAGE_STANDARD = gnu99;
				GCC_DYNAMIC_NO_PIC = NO;
				GCC_NO_COMMON_BLOCKS = YES;
				GCC_OPTIMIZATION_LEVEL = 0;
				GCC_PREPROCESSOR_DEFINITIONS = (
					"DEBUG=1",
					"$(inherited)",
				);
				GCC_WARN_64_TO_32_BIT_CONVERSION = YES;
				GCC_WARN_ABOUT_RETURN_TYPE = YES_ERROR;
				GCC_WARN_UNDECLARED_SELECTOR = YES;
				GCC_WARN_UNINITIALIZED_AUTOS = YES_AGGRESSIVE;
				GCC_WARN_UNUSED_FUNCTION = YES;
				GCC_WARN_UNUSED_VARIABLE = YES;
				IPHONEOS_DEPLOYMENT_TARGET = 10.2;
				MTL_ENABLE_DEBUG_INFO = YES;
				ONLY_ACTIVE_ARCH = YES;
				SDKROOT = iphoneos;
			};
			name = Debug;
		};
		A409A0B21E10E1C90083A3CA /* Release */ = {
			isa = XCBuildConfiguration;
			buildSettings = {
				ALWAYS_SEARCH_USER_PATHS = NO;
				CLANG_ANALYZER_NONNULL = YES;
				CLANG_CXX_LANGUAGE_STANDARD = "gnu++0x";
				CLANG_CXX_LIBRARY = "libc++";
				CLANG_ENABLE_MODULES = YES;
				CLANG_ENABLE_OBJC_ARC = YES;
				CLANG_WARN_BOOL_CONVERSION = YES;
				CLANG_WARN_CONSTANT_CONVERSION = YES;
				CLANG_WARN_DIRECT_OBJC_ISA_USAGE = YES_ERROR;
				CLANG_WARN_DOCUMENTATION_COMMENTS = YES;
				CLANG_WARN_EMPTY_BODY = YES;
				CLANG_WARN_ENUM_CONVERSION = YES;
				CLANG_WARN_INFINITE_RECURSION = YES;
				CLANG_WARN_INT_CONVERSION = YES;
				CLANG_WARN_OBJC_ROOT_CLASS = YES_ERROR;
				CLANG_WARN_SUSPICIOUS_MOVE = YES;
				CLANG_WARN_UNREACHABLE_CODE = YES;
				CLANG_WARN__DUPLICATE_METHOD_MATCH = YES;
				"CODE_SIGN_IDENTITY[sdk=iphoneos*]" = "iPhone Developer";
				COPY_PHASE_STRIP = NO;
				DEBUG_INFORMATION_FORMAT = "dwarf-with-dsym";
				ENABLE_NS_ASSERTIONS = NO;
				ENABLE_STRICT_OBJC_MSGSEND = YES;
				GCC_C_LANGUAGE_STANDARD = gnu99;
				GCC_NO_COMMON_BLOCKS = YES;
				GCC_WARN_64_TO_32_BIT_CONVERSION = YES;
				GCC_WARN_ABOUT_RETURN_TYPE = YES_ERROR;
				GCC_WARN_UNDECLARED_SELECTOR = YES;
				GCC_WARN_UNINITIALIZED_AUTOS = YES_AGGRESSIVE;
				GCC_WARN_UNUSED_FUNCTION = YES;
				GCC_WARN_UNUSED_VARIABLE = YES;
				IPHONEOS_DEPLOYMENT_TARGET = 10.2;
				MTL_ENABLE_DEBUG_INFO = NO;
				SDKROOT = iphoneos;
				VALIDATE_PRODUCT = YES;
			};
			name = Release;
		};
		A409A0B41E10E1C90083A3CA /* Debug */ = {
			isa = XCBuildConfiguration;
			baseConfigurationReference = 4A6E1A207F8F22B66498B1C6 /* Pods-AIChatBots.debug.xcconfig */;
			buildSettings = {
				ASSETCATALOG_COMPILER_APPICON_NAME = AppIcon;
				DEVELOPMENT_TEAM = 63X9SGW3ZX;
				INFOPLIST_FILE = AIChatBots/Info.plist;
				LD_RUNPATH_SEARCH_PATHS = "$(inherited) @executable_path/Frameworks";
				PRODUCT_BUNDLE_IDENTIFIER = info.smartkit.AIChatBots;
				PRODUCT_NAME = "$(TARGET_NAME)";
			};
			name = Debug;
		};
		A409A0B51E10E1C90083A3CA /* Release */ = {
			isa = XCBuildConfiguration;
			baseConfigurationReference = E9C850EDD9FB6C9CB50B45BD /* Pods-AIChatBots.release.xcconfig */;
			buildSettings = {
				ASSETCATALOG_COMPILER_APPICON_NAME = AppIcon;
				DEVELOPMENT_TEAM = 63X9SGW3ZX;
				INFOPLIST_FILE = AIChatBots/Info.plist;
				LD_RUNPATH_SEARCH_PATHS = "$(inherited) @executable_path/Frameworks";
				PRODUCT_BUNDLE_IDENTIFIER = info.smartkit.AIChatBots;
				PRODUCT_NAME = "$(TARGET_NAME)";
			};
			name = Release;
		};
		A409A0B71E10E1C90083A3CA /* Debug */ = {
			isa = XCBuildConfiguration;
			buildSettings = {
				BUNDLE_LOADER = "$(TEST_HOST)";
				INFOPLIST_FILE = AIChatBotsTests/Info.plist;
				LD_RUNPATH_SEARCH_PATHS = "$(inherited) @executable_path/Frameworks @loader_path/Frameworks";
				PRODUCT_BUNDLE_IDENTIFIER = info.smartkit.AIChatBotsTests;
				PRODUCT_NAME = "$(TARGET_NAME)";
				TEST_HOST = "$(BUILT_PRODUCTS_DIR)/AIChatBots.app/AIChatBots";
			};
			name = Debug;
		};
		A409A0B81E10E1C90083A3CA /* Release */ = {
			isa = XCBuildConfiguration;
			buildSettings = {
				BUNDLE_LOADER = "$(TEST_HOST)";
				INFOPLIST_FILE = AIChatBotsTests/Info.plist;
				LD_RUNPATH_SEARCH_PATHS = "$(inherited) @executable_path/Frameworks @loader_path/Frameworks";
				PRODUCT_BUNDLE_IDENTIFIER = info.smartkit.AIChatBotsTests;
				PRODUCT_NAME = "$(TARGET_NAME)";
				TEST_HOST = "$(BUILT_PRODUCTS_DIR)/AIChatBots.app/AIChatBots";
			};
			name = Release;
		};
		A409A0BA1E10E1C90083A3CA /* Debug */ = {
			isa = XCBuildConfiguration;
			buildSettings = {
				INFOPLIST_FILE = AIChatBotsUITests/Info.plist;
				LD_RUNPATH_SEARCH_PATHS = "$(inherited) @executable_path/Frameworks @loader_path/Frameworks";
				PRODUCT_BUNDLE_IDENTIFIER = info.smartkit.AIChatBotsUITests;
				PRODUCT_NAME = "$(TARGET_NAME)";
				TEST_TARGET_NAME = AIChatBots;
			};
			name = Debug;
		};
		A409A0BB1E10E1C90083A3CA /* Release */ = {
			isa = XCBuildConfiguration;
			buildSettings = {
				INFOPLIST_FILE = AIChatBotsUITests/Info.plist;
				LD_RUNPATH_SEARCH_PATHS = "$(inherited) @executable_path/Frameworks @loader_path/Frameworks";
				PRODUCT_BUNDLE_IDENTIFIER = info.smartkit.AIChatBotsUITests;
				PRODUCT_NAME = "$(TARGET_NAME)";
				TEST_TARGET_NAME = AIChatBots;
			};
			name = Release;
		};
/* End XCBuildConfiguration section */

/* Begin XCConfigurationList section */
		A409A07E1E10E1C80083A3CA /* Build configuration list for PBXProject "AIChatBots" */ = {
			isa = XCConfigurationList;
			buildConfigurations = (
				A409A0B11E10E1C90083A3CA /* Debug */,
				A409A0B21E10E1C90083A3CA /* Release */,
			);
			defaultConfigurationIsVisible = 0;
			defaultConfigurationName = Release;
		};
		A409A0B31E10E1C90083A3CA /* Build configuration list for PBXNativeTarget "AIChatBots" */ = {
			isa = XCConfigurationList;
			buildConfigurations = (
				A409A0B41E10E1C90083A3CA /* Debug */,
				A409A0B51E10E1C90083A3CA /* Release */,
			);
			defaultConfigurationIsVisible = 0;
			defaultConfigurationName = Release;
		};
		A409A0B61E10E1C90083A3CA /* Build configuration list for PBXNativeTarget "AIChatBotsTests" */ = {
			isa = XCConfigurationList;
			buildConfigurations = (
				A409A0B71E10E1C90083A3CA /* Debug */,
				A409A0B81E10E1C90083A3CA /* Release */,
			);
			defaultConfigurationIsVisible = 0;
			defaultConfigurationName = Release;
		};
		A409A0B91E10E1C90083A3CA /* Build configuration list for PBXNativeTarget "AIChatBotsUITests" */ = {
			isa = XCConfigurationList;
			buildConfigurations = (
				A409A0BA1E10E1C90083A3CA /* Debug */,
				A409A0BB1E10E1C90083A3CA /* Release */,
			);
			defaultConfigurationIsVisible = 0;
			defaultConfigurationName = Release;
		};
/* End XCConfigurationList section */
	};
	rootObject = A409A07B1E10E1C80083A3CA /* Project object */;
}
